
Microsoft Visual Studio Solution File, Format Version 12.00
# Visual Studio Version 17
VisualStudioVersion = 17.9.34607.119
MinimumVisualStudioVersion = 10.0.40219.1
Project("{FAE04EC0-301F-11D3-BF4B-00C04F79EFBC}") = "IntroductionCsharp.App1", "IntroductionCsharp.App1\IntroductionCsharp.App1.csproj", "{DECE3113-0C11-4BD5-ADFF-27A04AD545E8}"
EndProject
Global
	GlobalSection(SolutionConfigurationPlatforms) = preSolution
		Debug|Any CPU = Debug|Any CPU
		Release|Any CPU = Release|Any CPU
	EndGlobalSection
	GlobalSection(ProjectConfigurationPlatforms) = postSolution
		{DECE3113-0C11-4BD5-ADFF-27A04AD545E8}.Debug|Any CPU.ActiveCfg = Debug|Any CPU
		{DECE3113-0C11-4BD5-ADFF-27A04AD545E8}.Debug|Any CPU.Build.0 = Debug|Any CPU
		{DECE3113-0C11-4BD5-ADFF-27A04AD545E8}.Release|Any CPU.ActiveCfg = Release|Any CPU
		{DECE3113-0C11-4BD5-ADFF-27A04AD545E8}.Release|Any CPU.Build.0 = Release|Any CPU
	EndGlobalSection
	GlobalSection(SolutionProperties) = preSolution
		HideSolutionNode = FALSE
	EndGlobalSection
	GlobalSection(ExtensibilityGlobals) = postSolution
		SolutionGuid = {72045678-8567-4EE5-9342-CB0534A27550}
	EndGlobalSection
EndGlobal
